
Microsoft Visual Studio Solution File, Format Version 12.00
# Visual Studio Version 17
VisualStudioVersion = 17.4.33122.133
MinimumVisualStudioVersion = 10.0.40219.1
Project("{2150E333-8FDC-42A3-9474-1A3956D46DE8}") = "Services", "Services", "{2FB92F78-B9DF-4259-B330-332A16811A92}"
EndProject
Project("{2150E333-8FDC-42A3-9474-1A3956D46DE8}") = "Catalog", "Catalog", "{FF534ED7-A546-4C06-951F-F27EBC31F598}"
EndProject
Project("{9A19103F-16F7-4668-BE54-9A1E7A4F7556}") = "Catalog.API", "Services\Catalog\Catalog.Api\Catalog.API.csproj", "{15D53E22-FC66-44E1-83F7-E577DC32D359}"
EndProject
Project("{E53339B2-1760-4266-BCC7-CA923CBCF16C}") = "docker-compose", "docker-compose.dcproj", "{EC04F31F-54F2-4FC1-8C27-A0EE4354B820}"
EndProject
Project("{2150E333-8FDC-42A3-9474-1A3956D46DE8}") = "Basket", "Basket", "{D0C31540-A3D1-4797-8E4C-FFF8F4626E6E}"
EndProject
Project("{9A19103F-16F7-4668-BE54-9A1E7A4F7556}") = "Basket.API", "Services\Basket\Basket.API\Basket.API.csproj", "{929D0F4C-1B55-46E2-83FB-7E97A8071A96}"
EndProject
Project("{2150E333-8FDC-42A3-9474-1A3956D46DE8}") = "Discount", "Discount", "{2DF3207C-4DDB-4E5A-80F0-35D4A3E38858}"
EndProject
Project("{9A19103F-16F7-4668-BE54-9A1E7A4F7556}") = "Discount.API", "Services\Discount\Discount.API\Discount.API.csproj", "{E1A068D1-6E9D-466F-930D-5234A6D35008}"
EndProject
Project("{9A19103F-16F7-4668-BE54-9A1E7A4F7556}") = "Discount.Grpc", "Services\Discount\Discount.Grpc\Discount.Grpc.csproj", "{70882914-1F3D-48B3-9A55-41DFAB02A4B1}"
EndProject
Project("{2150E333-8FDC-42A3-9474-1A3956D46DE8}") = "Ordering", "Ordering", "{9B2CA3D3-55CC-4D3E-97D9-C28ADD2BAA5E}"
EndProject
Project("{9A19103F-16F7-4668-BE54-9A1E7A4F7556}") = "Ordering.API", "Services\Ordering\Ordering.API\Ordering.API.csproj", "{F9076042-4A89-4309-8DDE-5C52C7845C0C}"
EndProject
Project("{9A19103F-16F7-4668-BE54-9A1E7A4F7556}") = "Ordering.Domain", "Services\Ordering\Ordering.Domain\Ordering.Domain.csproj", "{6EF4209E-2993-4895-B196-DDFE00C67A73}"
EndProject
Project("{9A19103F-16F7-4668-BE54-9A1E7A4F7556}") = "Ordering.Application", "Services\Ordering\Ordering.Application\Ordering.Application.csproj", "{EA78039A-C90D-4D51-B7E2-8BD11F83DFA2}"
EndProject
Project("{9A19103F-16F7-4668-BE54-9A1E7A4F7556}") = "Ordering.Infrastructure", "Services\Ordering\Ordering.Infrastructure\Ordering.Infrastructure.csproj", "{D9878C91-9ED1-4291-A468-B5D8C5B3A6C8}"
EndProject
Project("{2150E333-8FDC-42A3-9474-1A3956D46DE8}") = "BuildingBlocks", "BuildingBlocks", "{C451FCE7-6C37-4DEB-8E63-BE12CC48FCD2}"
EndProject
Project("{2150E333-8FDC-42A3-9474-1A3956D46DE8}") = "EventBus.Messages", "EventBus.Messages", "{3AA93A1B-3780-4F50-AF8E-57FAB687510C}"
EndProject
Project("{2150E333-8FDC-42A3-9474-1A3956D46DE8}") = "Common.Logging", "Common.Logging", "{DECC1A9F-CC7F-451D-9DBD-A2222C2244D7}"
EndProject
Project("{9A19103F-16F7-4668-BE54-9A1E7A4F7556}") = "EventBus.Messages", "BuildingBlocks\EventBus.Messages\EventBus.Messages.csproj", "{D52F4800-8F1F-4F0F-AE7A-24C04F510521}"
EndProject
Project("{2150E333-8FDC-42A3-9474-1A3956D46DE8}") = "ApiGateways", "ApiGateways", "{A3A6CF28-AC24-4C1A-A37C-0047D9833CC7}"
EndProject
Project("{9A19103F-16F7-4668-BE54-9A1E7A4F7556}") = "OcelotApiGw", "ApiGateways\OcelotApiGw\OcelotApiGw.csproj", "{85D6243C-CE30-4F5F-961E-1FB07CD465B3}"
EndProject
Project("{FAE04EC0-301F-11D3-BF4B-00C04F79EFBC}") = "Shopping.Aggregator", "ApiGateways\Shopping.Aggregator\Shopping.Aggregator.csproj", "{9A6EC824-3C7A-47B0-9431-1B3CF1959720}"
EndProject
Global
	GlobalSection(SolutionConfigurationPlatforms) = preSolution
		Debug|Any CPU = Debug|Any CPU
		Release|Any CPU = Release|Any CPU
	EndGlobalSection
	GlobalSection(ProjectConfigurationPlatforms) = postSolution
		{15D53E22-FC66-44E1-83F7-E577DC32D359}.Debug|Any CPU.ActiveCfg = Debug|Any CPU
		{15D53E22-FC66-44E1-83F7-E577DC32D359}.Debug|Any CPU.Build.0 = Debug|Any CPU
		{15D53E22-FC66-44E1-83F7-E577DC32D359}.Release|Any CPU.ActiveCfg = Release|Any CPU
		{15D53E22-FC66-44E1-83F7-E577DC32D359}.Release|Any CPU.Build.0 = Release|Any CPU
		{EC04F31F-54F2-4FC1-8C27-A0EE4354B820}.Debug|Any CPU.ActiveCfg = Debug|Any CPU
		{EC04F31F-54F2-4FC1-8C27-A0EE4354B820}.Debug|Any CPU.Build.0 = Debug|Any CPU
		{EC04F31F-54F2-4FC1-8C27-A0EE4354B820}.Release|Any CPU.ActiveCfg = Release|Any CPU
		{EC04F31F-54F2-4FC1-8C27-A0EE4354B820}.Release|Any CPU.Build.0 = Release|Any CPU
		{929D0F4C-1B55-46E2-83FB-7E97A8071A96}.Debug|Any CPU.ActiveCfg = Debug|Any CPU
		{929D0F4C-1B55-46E2-83FB-7E97A8071A96}.Debug|Any CPU.Build.0 = Debug|Any CPU
		{929D0F4C-1B55-46E2-83FB-7E97A8071A96}.Release|Any CPU.ActiveCfg = Release|Any CPU
		{929D0F4C-1B55-46E2-83FB-7E97A8071A96}.Release|Any CPU.Build.0 = Release|Any CPU
		{E1A068D1-6E9D-466F-930D-5234A6D35008}.Debug|Any CPU.ActiveCfg = Debug|Any CPU
		{E1A068D1-6E9D-466F-930D-5234A6D35008}.Debug|Any CPU.Build.0 = Debug|Any CPU
		{E1A068D1-6E9D-466F-930D-5234A6D35008}.Release|Any CPU.ActiveCfg = Release|Any CPU
		{E1A068D1-6E9D-466F-930D-5234A6D35008}.Release|Any CPU.Build.0 = Release|Any CPU
		{70882914-1F3D-48B3-9A55-41DFAB02A4B1}.Debug|Any CPU.ActiveCfg = Debug|Any CPU
		{70882914-1F3D-48B3-9A55-41DFAB02A4B1}.Debug|Any CPU.Build.0 = Debug|Any CPU
		{70882914-1F3D-48B3-9A55-41DFAB02A4B1}.Release|Any CPU.ActiveCfg = Release|Any CPU
		{70882914-1F3D-48B3-9A55-41DFAB02A4B1}.Release|Any CPU.Build.0 = Release|Any CPU
		{F9076042-4A89-4309-8DDE-5C52C7845C0C}.Debug|Any CPU.ActiveCfg = Debug|Any CPU
		{F9076042-4A89-4309-8DDE-5C52C7845C0C}.Debug|Any CPU.Build.0 = Debug|Any CPU
		{F9076042-4A89-4309-8DDE-5C52C7845C0C}.Release|Any CPU.ActiveCfg = Release|Any CPU
		{F9076042-4A89-4309-8DDE-5C52C7845C0C}.Release|Any CPU.Build.0 = Release|Any CPU
		{6EF4209E-2993-4895-B196-DDFE00C67A73}.Debug|Any CPU.ActiveCfg = Debug|Any CPU
		{6EF4209E-2993-4895-B196-DDFE00C67A73}.Debug|Any CPU.Build.0 = Debug|Any CPU
		{6EF4209E-2993-4895-B196-DDFE00C67A73}.Release|Any CPU.ActiveCfg = Release|Any CPU
		{6EF4209E-2993-4895-B196-DDFE00C67A73}.Release|Any CPU.Build.0 = Release|Any CPU
		{EA78039A-C90D-4D51-B7E2-8BD11F83DFA2}.Debug|Any CPU.ActiveCfg = Debug|Any CPU
		{EA78039A-C90D-4D51-B7E2-8BD11F83DFA2}.Debug|Any CPU.Build.0 = Debug|Any CPU
		{EA78039A-C90D-4D51-B7E2-8BD11F83DFA2}.Release|Any CPU.ActiveCfg = Release|Any CPU
		{EA78039A-C90D-4D51-B7E2-8BD11F83DFA2}.Release|Any CPU.Build.0 = Release|Any CPU
		{D9878C91-9ED1-4291-A468-B5D8C5B3A6C8}.Debug|Any CPU.ActiveCfg = Debug|Any CPU
		{D9878C91-9ED1-4291-A468-B5D8C5B3A6C8}.Debug|Any CPU.Build.0 = Debug|Any CPU
		{D9878C91-9ED1-4291-A468-B5D8C5B3A6C8}.Release|Any CPU.ActiveCfg = Release|Any CPU
		{D9878C91-9ED1-4291-A468-B5D8C5B3A6C8}.Release|Any CPU.Build.0 = Release|Any CPU
		{D52F4800-8F1F-4F0F-AE7A-24C04F510521}.Debug|Any CPU.ActiveCfg = Debug|Any CPU
		{D52F4800-8F1F-4F0F-AE7A-24C04F510521}.Debug|Any CPU.Build.0 = Debug|Any CPU
		{D52F4800-8F1F-4F0F-AE7A-24C04F510521}.Release|Any CPU.ActiveCfg = Release|Any CPU
		{D52F4800-8F1F-4F0F-AE7A-24C04F510521}.Release|Any CPU.Build.0 = Release|Any CPU
		{85D6243C-CE30-4F5F-961E-1FB07CD465B3}.Debug|Any CPU.ActiveCfg = Debug|Any CPU
		{85D6243C-CE30-4F5F-961E-1FB07CD465B3}.Debug|Any CPU.Build.0 = Debug|Any CPU
		{85D6243C-CE30-4F5F-961E-1FB07CD465B3}.Release|Any CPU.ActiveCfg = Release|Any CPU
		{85D6243C-CE30-4F5F-961E-1FB07CD465B3}.Release|Any CPU.Build.0 = Release|Any CPU
		{9A6EC824-3C7A-47B0-9431-1B3CF1959720}.Debug|Any CPU.ActiveCfg = Debug|Any CPU
		{9A6EC824-3C7A-47B0-9431-1B3CF1959720}.Debug|Any CPU.Build.0 = Debug|Any CPU
		{9A6EC824-3C7A-47B0-9431-1B3CF1959720}.Release|Any CPU.ActiveCfg = Release|Any CPU
		{9A6EC824-3C7A-47B0-9431-1B3CF1959720}.Release|Any CPU.Build.0 = Release|Any CPU
	EndGlobalSection
	GlobalSection(SolutionProperties) = preSolution
		HideSolutionNode = FALSE
	EndGlobalSection
	GlobalSection(NestedProjects) = preSolution
		{FF534ED7-A546-4C06-951F-F27EBC31F598} = {2FB92F78-B9DF-4259-B330-332A16811A92}
		{15D53E22-FC66-44E1-83F7-E577DC32D359} = {FF534ED7-A546-4C06-951F-F27EBC31F598}
		{D0C31540-A3D1-4797-8E4C-FFF8F4626E6E} = {2FB92F78-B9DF-4259-B330-332A16811A92}
		{929D0F4C-1B55-46E2-83FB-7E97A8071A96} = {D0C31540-A3D1-4797-8E4C-FFF8F4626E6E}
		{2DF3207C-4DDB-4E5A-80F0-35D4A3E38858} = {2FB92F78-B9DF-4259-B330-332A16811A92}
		{E1A068D1-6E9D-466F-930D-5234A6D35008} = {2DF3207C-4DDB-4E5A-80F0-35D4A3E38858}
		{70882914-1F3D-48B3-9A55-41DFAB02A4B1} = {2DF3207C-4DDB-4E5A-80F0-35D4A3E38858}
		{9B2CA3D3-55CC-4D3E-97D9-C28ADD2BAA5E} = {2FB92F78-B9DF-4259-B330-332A16811A92}
		{F9076042-4A89-4309-8DDE-5C52C7845C0C} = {9B2CA3D3-55CC-4D3E-97D9-C28ADD2BAA5E}
		{6EF4209E-2993-4895-B196-DDFE00C67A73} = {9B2CA3D3-55CC-4D3E-97D9-C28ADD2BAA5E}
		{EA78039A-C90D-4D51-B7E2-8BD11F83DFA2} = {9B2CA3D3-55CC-4D3E-97D9-C28ADD2BAA5E}
		{D9878C91-9ED1-4291-A468-B5D8C5B3A6C8} = {9B2CA3D3-55CC-4D3E-97D9-C28ADD2BAA5E}
		{3AA93A1B-3780-4F50-AF8E-57FAB687510C} = {C451FCE7-6C37-4DEB-8E63-BE12CC48FCD2}
		{DECC1A9F-CC7F-451D-9DBD-A2222C2244D7} = {C451FCE7-6C37-4DEB-8E63-BE12CC48FCD2}
		{D52F4800-8F1F-4F0F-AE7A-24C04F510521} = {3AA93A1B-3780-4F50-AF8E-57FAB687510C}
		{85D6243C-CE30-4F5F-961E-1FB07CD465B3} = {A3A6CF28-AC24-4C1A-A37C-0047D9833CC7}
		{9A6EC824-3C7A-47B0-9431-1B3CF1959720} = {A3A6CF28-AC24-4C1A-A37C-0047D9833CC7}
	EndGlobalSection
	GlobalSection(ExtensibilityGlobals) = postSolution
		SolutionGuid = {C8B5D0B0-67A5-40B0-A01E-5E2A8DCD6001}
	EndGlobalSection
EndGlobal
